// !$*UTF8*$!
{
	archiveVersion = 1;
	classes = {
	};
	objectVersion = 50;
	objects = {

/* Begin PBXBuildFile section */
		171E0B78B21AB076B612DB62 /* Pods_Movie_Finder.framework in Frameworks */ = {isa = PBXBuildFile; fileRef = 7226BFA3C9B86FBA8C2CB2C4 /* Pods_Movie_Finder.framework */; };
		300681CE20A1E4AF005E6F75 /* AppDelegate.swift in Sources */ = {isa = PBXBuildFile; fileRef = 300681CD20A1E4AF005E6F75 /* AppDelegate.swift */; };
		300681D320A1E4AF005E6F75 /* Main.storyboard in Resources */ = {isa = PBXBuildFile; fileRef = 300681D120A1E4AF005E6F75 /* Main.storyboard */; };
		300681D520A1E4BC005E6F75 /* Assets.xcassets in Resources */ = {isa = PBXBuildFile; fileRef = 300681D420A1E4BC005E6F75 /* Assets.xcassets */; };
		300681D820A1E4BC005E6F75 /* LaunchScreen.storyboard in Resources */ = {isa = PBXBuildFile; fileRef = 300681D620A1E4BC005E6F75 /* LaunchScreen.storyboard */; };
		300681E320A1E4BC005E6F75 /* Movie_FinderTests.swift in Sources */ = {isa = PBXBuildFile; fileRef = 300681E220A1E4BC005E6F75 /* Movie_FinderTests.swift */; };
		300681FE20A2B275005E6F75 /* Settings.swift in Sources */ = {isa = PBXBuildFile; fileRef = 300681FD20A2B275005E6F75 /* Settings.swift */; };
		3006820020A2B3D9005E6F75 /* SearchConf.plist in Resources */ = {isa = PBXBuildFile; fileRef = 300681FF20A2B3D9005E6F75 /* SearchConf.plist */; };
		3006820120A2B3D9005E6F75 /* SearchConf.plist in Resources */ = {isa = PBXBuildFile; fileRef = 300681FF20A2B3D9005E6F75 /* SearchConf.plist */; };
		3006820320A2C4BC005E6F75 /* MovieListFetcher.swift in Sources */ = {isa = PBXBuildFile; fileRef = 3006820220A2C4BC005E6F75 /* MovieListFetcher.swift */; };
		3006820420A2C4BC005E6F75 /* MovieListFetcher.swift in Sources */ = {isa = PBXBuildFile; fileRef = 3006820220A2C4BC005E6F75 /* MovieListFetcher.swift */; };
		3006820620A32ECA005E6F75 /* MovieInfo.swift in Sources */ = {isa = PBXBuildFile; fileRef = 3006820520A32ECA005E6F75 /* MovieInfo.swift */; };
		3006820720A32ECA005E6F75 /* MovieInfo.swift in Sources */ = {isa = PBXBuildFile; fileRef = 3006820520A32ECA005E6F75 /* MovieInfo.swift */; };
		3006820820A33421005E6F75 /* Settings.swift in Sources */ = {isa = PBXBuildFile; fileRef = 300681FD20A2B275005E6F75 /* Settings.swift */; };
		3006822B20A409EC005E6F75 /* MovieCell.swift in Sources */ = {isa = PBXBuildFile; fileRef = 3006822A20A409EC005E6F75 /* MovieCell.swift */; };
		3006822F20A42DC1005E6F75 /* SearchController.swift in Sources */ = {isa = PBXBuildFile; fileRef = 3006822E20A42DC1005E6F75 /* SearchController.swift */; };
		3006823120A4338A005E6F75 /* SuggestionListController.swift in Sources */ = {isa = PBXBuildFile; fileRef = 3006823020A4338A005E6F75 /* SuggestionListController.swift */; };
		306449A620A7AA15008245C7 /* Localizable.strings in Resources */ = {isa = PBXBuildFile; fileRef = 306449A520A7AA15008245C7 /* Localizable.strings */; };
		306449A820A7B12C008245C7 /* MovieListViewController.swift in Sources */ = {isa = PBXBuildFile; fileRef = 306449A720A7B12C008245C7 /* MovieListViewController.swift */; };
		306449AA20A7C05A008245C7 /* SearchSaver.swift in Sources */ = {isa = PBXBuildFile; fileRef = 306449A920A7C05A008245C7 /* SearchSaver.swift */; };
		306449AC20A7F012008245C7 /* CoreData.framework in Frameworks */ = {isa = PBXBuildFile; fileRef = 306449AB20A7F012008245C7 /* CoreData.framework */; };
		306449AF20A7F06D008245C7 /* MovieSearch.xcdatamodeld in Sources */ = {isa = PBXBuildFile; fileRef = 306449AD20A7F06D008245C7 /* MovieSearch.xcdatamodeld */; };
		306449D320A7FA71008245C7 /* CoreDataManager.swift in Sources */ = {isa = PBXBuildFile; fileRef = 306449D220A7FA71008245C7 /* CoreDataManager.swift */; };
		306449D720A821E7008245C7 /* MovieSearch.xcdatamodeld in Sources */ = {isa = PBXBuildFile; fileRef = 306449AD20A7F06D008245C7 /* MovieSearch.xcdatamodeld */; };
		306449DF20A82A62008245C7 /* AppDelegate.swift in Sources */ = {isa = PBXBuildFile; fileRef = 300681CD20A1E4AF005E6F75 /* AppDelegate.swift */; };
		F56539BB448827F02A99F9CB /* Pods_Movie_FinderTests.framework in Frameworks */ = {isa = PBXBuildFile; fileRef = BEAD67559CA7D1FA377E2CAB /* Pods_Movie_FinderTests.framework */; };
/* End PBXBuildFile section */

/* Begin PBXContainerItemProxy section */
		300681DF20A1E4BC005E6F75 /* PBXContainerItemProxy */ = {
			isa = PBXContainerItemProxy;
			containerPortal = 300681C220A1E4AF005E6F75 /* Project object */;
			proxyType = 1;
			remoteGlobalIDString = 300681C920A1E4AF005E6F75;
			remoteInfo = "Movie Finder";
		};
/* End PBXContainerItemProxy section */

/* Begin PBXFileReference section */
		300681CA20A1E4AF005E6F75 /* Movie Finder.app */ = {isa = PBXFileReference; explicitFileType = wrapper.application; includeInIndex = 0; path = "Movie Finder.app"; sourceTree = BUILT_PRODUCTS_DIR; };
		300681CD20A1E4AF005E6F75 /* AppDelegate.swift */ = {isa = PBXFileReference; lastKnownFileType = sourcecode.swift; path = AppDelegate.swift; sourceTree = "<group>"; };
		300681D220A1E4AF005E6F75 /* Base */ = {isa = PBXFileReference; lastKnownFileType = file.storyboard; name = Base; path = Base.lproj/Main.storyboard; sourceTree = "<group>"; };
		300681D420A1E4BC005E6F75 /* Assets.xcassets */ = {isa = PBXFileReference; lastKnownFileType = folder.assetcatalog; path = Assets.xcassets; sourceTree = "<group>"; };
		300681D720A1E4BC005E6F75 /* Base */ = {isa = PBXFileReference; lastKnownFileType = file.storyboard; name = Base; path = Base.lproj/LaunchScreen.storyboard; sourceTree = "<group>"; };
		300681D920A1E4BC005E6F75 /* Info.plist */ = {isa = PBXFileReference; lastKnownFileType = text.plist.xml; path = Info.plist; sourceTree = "<group>"; };
		300681DE20A1E4BC005E6F75 /* Movie FinderTests.xctest */ = {isa = PBXFileReference; explicitFileType = wrapper.cfbundle; includeInIndex = 0; path = "Movie FinderTests.xctest"; sourceTree = BUILT_PRODUCTS_DIR; };
		300681E220A1E4BC005E6F75 /* Movie_FinderTests.swift */ = {isa = PBXFileReference; lastKnownFileType = sourcecode.swift; path = Movie_FinderTests.swift; sourceTree = "<group>"; };
		300681E420A1E4BC005E6F75 /* Info.plist */ = {isa = PBXFileReference; lastKnownFileType = text.plist.xml; path = Info.plist; sourceTree = "<group>"; };
		300681FD20A2B275005E6F75 /* Settings.swift */ = {isa = PBXFileReference; lastKnownFileType = sourcecode.swift; path = Settings.swift; sourceTree = "<group>"; };
		300681FF20A2B3D9005E6F75 /* SearchConf.plist */ = {isa = PBXFileReference; lastKnownFileType = text.plist.xml; path = SearchConf.plist; sourceTree = "<group>"; };
		3006820220A2C4BC005E6F75 /* MovieListFetcher.swift */ = {isa = PBXFileReference; lastKnownFileType = sourcecode.swift; path = MovieListFetcher.swift; sourceTree = "<group>"; };
		3006820520A32ECA005E6F75 /* MovieInfo.swift */ = {isa = PBXFileReference; lastKnownFileType = sourcecode.swift; path = MovieInfo.swift; sourceTree = "<group>"; };
		3006822A20A409EC005E6F75 /* MovieCell.swift */ = {isa = PBXFileReference; lastKnownFileType = sourcecode.swift; path = MovieCell.swift; sourceTree = "<group>"; };
		3006822E20A42DC1005E6F75 /* SearchController.swift */ = {isa = PBXFileReference; lastKnownFileType = sourcecode.swift; path = SearchController.swift; sourceTree = "<group>"; };
		3006823020A4338A005E6F75 /* SuggestionListController.swift */ = {isa = PBXFileReference; lastKnownFileType = sourcecode.swift; path = SuggestionListController.swift; sourceTree = "<group>"; };
		306449A520A7AA15008245C7 /* Localizable.strings */ = {isa = PBXFileReference; lastKnownFileType = text.plist.strings; path = Localizable.strings; sourceTree = "<group>"; };
		306449A720A7B12C008245C7 /* MovieListViewController.swift */ = {isa = PBXFileReference; lastKnownFileType = sourcecode.swift; path = MovieListViewController.swift; sourceTree = "<group>"; };
		306449A920A7C05A008245C7 /* SearchSaver.swift */ = {isa = PBXFileReference; lastKnownFileType = sourcecode.swift; path = SearchSaver.swift; sourceTree = "<group>"; };
		306449AB20A7F012008245C7 /* CoreData.framework */ = {isa = PBXFileReference; lastKnownFileType = wrapper.framework; name = CoreData.framework; path = System/Library/Frameworks/CoreData.framework; sourceTree = SDKROOT; };
		306449AE20A7F06D008245C7 /* MovieSearch.xcdatamodel */ = {isa = PBXFileReference; lastKnownFileType = wrapper.xcdatamodel; path = MovieSearch.xcdatamodel; sourceTree = "<group>"; };
		306449D220A7FA71008245C7 /* CoreDataManager.swift */ = {isa = PBXFileReference; lastKnownFileType = sourcecode.swift; path = CoreDataManager.swift; sourceTree = "<group>"; };
		6C9A38AB40E6B830319B3904 /* Pods-Movie FinderTests.release.xcconfig */ = {isa = PBXFileReference; includeInIndex = 1; lastKnownFileType = text.xcconfig; name = "Pods-Movie FinderTests.release.xcconfig"; path = "Pods/Target Support Files/Pods-Movie FinderTests/Pods-Movie FinderTests.release.xcconfig"; sourceTree = "<group>"; };
		7226BFA3C9B86FBA8C2CB2C4 /* Pods_Movie_Finder.framework */ = {isa = PBXFileReference; explicitFileType = wrapper.framework; includeInIndex = 0; path = Pods_Movie_Finder.framework; sourceTree = BUILT_PRODUCTS_DIR; };
		7EBE81085853B16D670689D0 /* Pods-Movie Finder.release.xcconfig */ = {isa = PBXFileReference; includeInIndex = 1; lastKnownFileType = text.xcconfig; name = "Pods-Movie Finder.release.xcconfig"; path = "Pods/Target Support Files/Pods-Movie Finder/Pods-Movie Finder.release.xcconfig"; sourceTree = "<group>"; };
		9164781BACE77BC562C13552 /* Pods-Movie FinderTests.debug.xcconfig */ = {isa = PBXFileReference; includeInIndex = 1; lastKnownFileType = text.xcconfig; name = "Pods-Movie FinderTests.debug.xcconfig"; path = "Pods/Target Support Files/Pods-Movie FinderTests/Pods-Movie FinderTests.debug.xcconfig"; sourceTree = "<group>"; };
		BEAD67559CA7D1FA377E2CAB /* Pods_Movie_FinderTests.framework */ = {isa = PBXFileReference; explicitFileType = wrapper.framework; includeInIndex = 0; path = Pods_Movie_FinderTests.framework; sourceTree = BUILT_PRODUCTS_DIR; };
		D01B3A680871586605394DA8 /* Pods-Movie Finder.debug.xcconfig */ = {isa = PBXFileReference; includeInIndex = 1; lastKnownFileType = text.xcconfig; name = "Pods-Movie Finder.debug.xcconfig"; path = "Pods/Target Support Files/Pods-Movie Finder/Pods-Movie Finder.debug.xcconfig"; sourceTree = "<group>"; };
/* End PBXFileReference section */

/* Begin PBXFrameworksBuildPhase section */
		300681C720A1E4AF005E6F75 /* Frameworks */ = {
			isa = PBXFrameworksBuildPhase;
			buildActionMask = 2147483647;
			files = (
				306449AC20A7F012008245C7 /* CoreData.framework in Frameworks */,
				171E0B78B21AB076B612DB62 /* Pods_Movie_Finder.framework in Frameworks */,
			);
			runOnlyForDeploymentPostprocessing = 0;
		};
		300681DB20A1E4BC005E6F75 /* Frameworks */ = {
			isa = PBXFrameworksBuildPhase;
			buildActionMask = 2147483647;
			files = (
				F56539BB448827F02A99F9CB /* Pods_Movie_FinderTests.framework in Frameworks */,
			);
			runOnlyForDeploymentPostprocessing = 0;
		};
/* End PBXFrameworksBuildPhase section */

/* Begin PBXGroup section */
		2AF2BB049C4814C2D907BDD2 /* Pods */ = {
			isa = PBXGroup;
			children = (
				D01B3A680871586605394DA8 /* Pods-Movie Finder.debug.xcconfig */,
				7EBE81085853B16D670689D0 /* Pods-Movie Finder.release.xcconfig */,
				9164781BACE77BC562C13552 /* Pods-Movie FinderTests.debug.xcconfig */,
				6C9A38AB40E6B830319B3904 /* Pods-Movie FinderTests.release.xcconfig */,
			);
			name = Pods;
			sourceTree = "<group>";
		};
		300681C120A1E4AF005E6F75 = {
			isa = PBXGroup;
			children = (
				306449AD20A7F06D008245C7 /* MovieSearch.xcdatamodeld */,
				306449A520A7AA15008245C7 /* Localizable.strings */,
				300681CC20A1E4AF005E6F75 /* Movie Finder */,
				300681E120A1E4BC005E6F75 /* Movie FinderTests */,
				300681CB20A1E4AF005E6F75 /* Products */,
				2AF2BB049C4814C2D907BDD2 /* Pods */,
				7D86AA8DB31BAB86682C3D8F /* Frameworks */,
			);
			sourceTree = "<group>";
		};
		300681CB20A1E4AF005E6F75 /* Products */ = {
			isa = PBXGroup;
			children = (
				300681CA20A1E4AF005E6F75 /* Movie Finder.app */,
				300681DE20A1E4BC005E6F75 /* Movie FinderTests.xctest */,
			);
			name = Products;
			sourceTree = "<group>";
		};
		300681CC20A1E4AF005E6F75 /* Movie Finder */ = {
			isa = PBXGroup;
			children = (
				300681CD20A1E4AF005E6F75 /* AppDelegate.swift */,
				306449D220A7FA71008245C7 /* CoreDataManager.swift */,
				3006822A20A409EC005E6F75 /* MovieCell.swift */,
				3006822E20A42DC1005E6F75 /* SearchController.swift */,
				306449A720A7B12C008245C7 /* MovieListViewController.swift */,
				3006823020A4338A005E6F75 /* SuggestionListController.swift */,
				306449A920A7C05A008245C7 /* SearchSaver.swift */,
				300681FD20A2B275005E6F75 /* Settings.swift */,
				3006820220A2C4BC005E6F75 /* MovieListFetcher.swift */,
				3006820520A32ECA005E6F75 /* MovieInfo.swift */,
				300681D120A1E4AF005E6F75 /* Main.storyboard */,
				300681D420A1E4BC005E6F75 /* Assets.xcassets */,
				300681D620A1E4BC005E6F75 /* LaunchScreen.storyboard */,
				300681D920A1E4BC005E6F75 /* Info.plist */,
				300681FF20A2B3D9005E6F75 /* SearchConf.plist */,
			);
			path = "Movie Finder";
			sourceTree = "<group>";
		};
		300681E120A1E4BC005E6F75 /* Movie FinderTests */ = {
			isa = PBXGroup;
			children = (
				300681E220A1E4BC005E6F75 /* Movie_FinderTests.swift */,
				300681E420A1E4BC005E6F75 /* Info.plist */,
			);
			path = "Movie FinderTests";
			sourceTree = "<group>";
		};
		7D86AA8DB31BAB86682C3D8F /* Frameworks */ = {
			isa = PBXGroup;
			children = (
				306449AB20A7F012008245C7 /* CoreData.framework */,
				7226BFA3C9B86FBA8C2CB2C4 /* Pods_Movie_Finder.framework */,
				BEAD67559CA7D1FA377E2CAB /* Pods_Movie_FinderTests.framework */,
			);
			name = Frameworks;
			sourceTree = "<group>";
		};
/* End PBXGroup section */

/* Begin PBXNativeTarget section */
		300681C920A1E4AF005E6F75 /* Movie Finder */ = {
			isa = PBXNativeTarget;
			buildConfigurationList = 300681E720A1E4BC005E6F75 /* Build configuration list for PBXNativeTarget "Movie Finder" */;
			buildPhases = (
				0F61CAFAAF1E4C90439A0603 /* [CP] Check Pods Manifest.lock */,
				300681C620A1E4AF005E6F75 /* Sources */,
				300681C720A1E4AF005E6F75 /* Frameworks */,
				300681C820A1E4AF005E6F75 /* Resources */,
				93788DF6D0D66D13BBF92CFD /* [CP] Embed Pods Frameworks */,
			);
			buildRules = (
			);
			dependencies = (
			);
			name = "Movie Finder";
			productName = "Movie Finder";
			productReference = 300681CA20A1E4AF005E6F75 /* Movie Finder.app */;
			productType = "com.apple.product-type.application";
		};
		300681DD20A1E4BC005E6F75 /* Movie FinderTests */ = {
			isa = PBXNativeTarget;
			buildConfigurationList = 300681EA20A1E4BC005E6F75 /* Build configuration list for PBXNativeTarget "Movie FinderTests" */;
			buildPhases = (
				7171D25FDBD0DFDA62C732EA /* [CP] Check Pods Manifest.lock */,
				300681DA20A1E4BC005E6F75 /* Sources */,
				300681DB20A1E4BC005E6F75 /* Frameworks */,
				300681DC20A1E4BC005E6F75 /* Resources */,
				1DAE05EFF1A3FBB3233ECE6A /* [CP] Embed Pods Frameworks */,
			);
			buildRules = (
			);
			dependencies = (
				300681E020A1E4BC005E6F75 /* PBXTargetDependency */,
			);
			name = "Movie FinderTests";
			productName = "Movie FinderTests";
			productReference = 300681DE20A1E4BC005E6F75 /* Movie FinderTests.xctest */;
			productType = "com.apple.product-type.bundle.unit-test";
		};
/* End PBXNativeTarget section */

/* Begin PBXProject section */
		300681C220A1E4AF005E6F75 /* Project object */ = {
			isa = PBXProject;
			attributes = {
				LastSwiftUpdateCheck = 0940;
				LastUpgradeCheck = 0940;
				ORGANIZATIONNAME = "sheen vempeny";
				TargetAttributes = {
					300681C920A1E4AF005E6F75 = {
						CreatedOnToolsVersion = 9.4;
					};
					300681DD20A1E4BC005E6F75 = {
						CreatedOnToolsVersion = 9.4;
						TestTargetID = 300681C920A1E4AF005E6F75;
					};
				};
			};
			buildConfigurationList = 300681C520A1E4AF005E6F75 /* Build configuration list for PBXProject "Movie Finder" */;
			compatibilityVersion = "Xcode 9.3";
			developmentRegion = en;
			hasScannedForEncodings = 0;
			knownRegions = (
				en,
				Base,
			);
			mainGroup = 300681C120A1E4AF005E6F75;
			productRefGroup = 300681CB20A1E4AF005E6F75 /* Products */;
			projectDirPath = "";
			projectRoot = "";
			targets = (
				300681C920A1E4AF005E6F75 /* Movie Finder */,
				300681DD20A1E4BC005E6F75 /* Movie FinderTests */,
			);
		};
/* End PBXProject section */

/* Begin PBXResourcesBuildPhase section */
		300681C820A1E4AF005E6F75 /* Resources */ = {
			isa = PBXResourcesBuildPhase;
			buildActionMask = 2147483647;
			files = (
				300681D820A1E4BC005E6F75 /* LaunchScreen.storyboard in Resources */,
				300681D520A1E4BC005E6F75 /* Assets.xcassets in Resources */,
				306449A620A7AA15008245C7 /* Localizable.strings in Resources */,
				3006820020A2B3D9005E6F75 /* SearchConf.plist in Resources */,
				300681D320A1E4AF005E6F75 /* Main.storyboard in Resources */,
			);
			runOnlyForDeploymentPostprocessing = 0;
		};
		300681DC20A1E4BC005E6F75 /* Resources */ = {
			isa = PBXResourcesBuildPhase;
			buildActionMask = 2147483647;
			files = (
				3006820120A2B3D9005E6F75 /* SearchConf.plist in Resources */,
			);
			runOnlyForDeploymentPostprocessing = 0;
		};
/* End PBXResourcesBuildPhase section */

/* Begin PBXShellScriptBuildPhase section */
		0F61CAFAAF1E4C90439A0603 /* [CP] Check Pods Manifest.lock */ = {
			isa = PBXShellScriptBuildPhase;
			buildActionMask = 2147483647;
			files = (
			);
			inputPaths = (
				"${PODS_PODFILE_DIR_PATH}/Podfile.lock",
				"${PODS_ROOT}/Manifest.lock",
			);
			name = "[CP] Check Pods Manifest.lock";
			outputPaths = (
				"$(DERIVED_FILE_DIR)/Pods-Movie Finder-checkManifestLockResult.txt",
			);
			runOnlyForDeploymentPostprocessing = 0;
			shellPath = /bin/sh;
			shellScript = "diff \"${PODS_PODFILE_DIR_PATH}/Podfile.lock\" \"${PODS_ROOT}/Manifest.lock\" > /dev/null\nif [ $? != 0 ] ; then\n    # print error to STDERR\n    echo \"error: The sandbox is not in sync with the Podfile.lock. Run 'pod install' or update your CocoaPods installation.\" >&2\n    exit 1\nfi\n# This output is used by Xcode 'outputs' to avoid re-running this script phase.\necho \"SUCCESS\" > \"${SCRIPT_OUTPUT_FILE_0}\"\n";
			showEnvVarsInLog = 0;
		};
		1DAE05EFF1A3FBB3233ECE6A /* [CP] Embed Pods Frameworks */ = {
			isa = PBXShellScriptBuildPhase;
			buildActionMask = 2147483647;
			files = (
			);
			inputPaths = (
				"${SRCROOT}/Pods/Target Support Files/Pods-Movie FinderTests/Pods-Movie FinderTests-frameworks.sh",
				"${BUILT_PRODUCTS_DIR}/Alamofire/Alamofire.framework",
			);
			name = "[CP] Embed Pods Frameworks";
			outputPaths = (
				"${TARGET_BUILD_DIR}/${FRAMEWORKS_FOLDER_PATH}/Alamofire.framework",
			);
			runOnlyForDeploymentPostprocessing = 0;
			shellPath = /bin/sh;
			shellScript = "\"${SRCROOT}/Pods/Target Support Files/Pods-Movie FinderTests/Pods-Movie FinderTests-frameworks.sh\"\n";
			showEnvVarsInLog = 0;
		};
		7171D25FDBD0DFDA62C732EA /* [CP] Check Pods Manifest.lock */ = {
			isa = PBXShellScriptBuildPhase;
			buildActionMask = 2147483647;
			files = (
			);
			inputPaths = (
				"${PODS_PODFILE_DIR_PATH}/Podfile.lock",
				"${PODS_ROOT}/Manifest.lock",
			);
			name = "[CP] Check Pods Manifest.lock";
			outputPaths = (
				"$(DERIVED_FILE_DIR)/Pods-Movie FinderTests-checkManifestLockResult.txt",
			);
			runOnlyForDeploymentPostprocessing = 0;
			shellPath = /bin/sh;
			shellScript = "diff \"${PODS_PODFILE_DIR_PATH}/Podfile.lock\" \"${PODS_ROOT}/Manifest.lock\" > /dev/null\nif [ $? != 0 ] ; then\n    # print error to STDERR\n    echo \"error: The sandbox is not in sync with the Podfile.lock. Run 'pod install' or update your CocoaPods installation.\" >&2\n    exit 1\nfi\n# This output is used by Xcode 'outputs' to avoid re-running this script phase.\necho \"SUCCESS\" > \"${SCRIPT_OUTPUT_FILE_0}\"\n";
			showEnvVarsInLog = 0;
		};
		93788DF6D0D66D13BBF92CFD /* [CP] Embed Pods Frameworks */ = {
			isa = PBXShellScriptBuildPhase;
			buildActionMask = 2147483647;
			files = (
			);
			inputPaths = (
				"${SRCROOT}/Pods/Target Support Files/Pods-Movie Finder/Pods-Movie Finder-frameworks.sh",
				"${BUILT_PRODUCTS_DIR}/Alamofire/Alamofire.framework",
				"${BUILT_PRODUCTS_DIR}/Kingfisher/Kingfisher.framework",
			);
			name = "[CP] Embed Pods Frameworks";
			outputPaths = (
				"${TARGET_BUILD_DIR}/${FRAMEWORKS_FOLDER_PATH}/Alamofire.framework",
				"${TARGET_BUILD_DIR}/${FRAMEWORKS_FOLDER_PATH}/Kingfisher.framework",
			);
			runOnlyForDeploymentPostprocessing = 0;
			shellPath = /bin/sh;
			shellScript = "\"${SRCROOT}/Pods/Target Support Files/Pods-Movie Finder/Pods-Movie Finder-frameworks.sh\"\n";
			showEnvVarsInLog = 0;
		};
/* End PBXShellScriptBuildPhase section */

/* Begin PBXSourcesBuildPhase section */
		300681C620A1E4AF005E6F75 /* Sources */ = {
			isa = PBXSourcesBuildPhase;
			buildActionMask = 2147483647;
			files = (
				306449AA20A7C05A008245C7 /* SearchSaver.swift in Sources */,
				300681FE20A2B275005E6F75 /* Settings.swift in Sources */,
				3006823120A4338A005E6F75 /* SuggestionListController.swift in Sources */,
				3006820620A32ECA005E6F75 /* MovieInfo.swift in Sources */,
				306449A820A7B12C008245C7 /* MovieListViewController.swift in Sources */,
				3006822B20A409EC005E6F75 /* MovieCell.swift in Sources */,
				3006822F20A42DC1005E6F75 /* SearchController.swift in Sources */,
				3006820320A2C4BC005E6F75 /* MovieListFetcher.swift in Sources */,
				306449AF20A7F06D008245C7 /* MovieSearch.xcdatamodeld in Sources */,
				300681CE20A1E4AF005E6F75 /* AppDelegate.swift in Sources */,
				306449D320A7FA71008245C7 /* CoreDataManager.swift in Sources */,
			);
			runOnlyForDeploymentPostprocessing = 0;
		};
		300681DA20A1E4BC005E6F75 /* Sources */ = {
			isa = PBXSourcesBuildPhase;
			buildActionMask = 2147483647;
			files = (
				306449DF20A82A62008245C7 /* AppDelegate.swift in Sources */,
				3006820420A2C4BC005E6F75 /* MovieListFetcher.swift in Sources */,
				3006820720A32ECA005E6F75 /* MovieInfo.swift in Sources */,
				3006820820A33421005E6F75 /* Settings.swift in Sources */,
				306449D720A821E7008245C7 /* MovieSearch.xcdatamodeld in Sources */,
				300681E320A1E4BC005E6F75 /* Movie_FinderTests.swift in Sources */,
			);
			runOnlyForDeploymentPostprocessing = 0;
		};
/* End PBXSourcesBuildPhase section */

/* Begin PBXTargetDependency section */
		300681E020A1E4BC005E6F75 /* PBXTargetDependency */ = {
			isa = PBXTargetDependency;
			target = 300681C920A1E4AF005E6F75 /* Movie Finder */;
			targetProxy = 300681DF20A1E4BC005E6F75 /* PBXContainerItemProxy */;
		};
/* End PBXTargetDependency section */

/* Begin PBXVariantGroup section */
		300681D120A1E4AF005E6F75 /* Main.storyboard */ = {
			isa = PBXVariantGroup;
			children = (
				300681D220A1E4AF005E6F75 /* Base */,
			);
			name = Main.storyboard;
			sourceTree = "<group>";
		};
		300681D620A1E4BC005E6F75 /* LaunchScreen.storyboard */ = {
			isa = PBXVariantGroup;
			children = (
				300681D720A1E4BC005E6F75 /* Base */,
			);
			name = LaunchScreen.storyboard;
			sourceTree = "<group>";
		};
/* End PBXVariantGroup section */

/* Begin XCBuildConfiguration section */
		300681E520A1E4BC005E6F75 /* Debug */ = {
			isa = XCBuildConfiguration;
			buildSettings = {
				ALWAYS_SEARCH_USER_PATHS = NO;
				CLANG_ANALYZER_NONNULL = YES;
				CLANG_ANALYZER_NUMBER_OBJECT_CONVERSION = YES_AGGRESSIVE;
				CLANG_CXX_LANGUAGE_STANDARD = "gnu++14";
				CLANG_CXX_LIBRARY = "libc++";
				CLANG_ENABLE_MODULES = YES;
				CLANG_ENABLE_OBJC_ARC = YES;
				CLANG_ENABLE_OBJC_WEAK = YES;
				CLANG_WARN_BLOCK_CAPTURE_AUTORELEASING = YES;
				CLANG_WARN_BOOL_CONVERSION = YES;
				CLANG_WARN_COMMA = YES;
				CLANG_WARN_CONSTANT_CONVERSION = YES;
				CLANG_WARN_DEPRECATED_OBJC_IMPLEMENTATIONS = YES;
				CLANG_WARN_DIRECT_OBJC_ISA_USAGE = YES_ERROR;
				CLANG_WARN_DOCUMENTATION_COMMENTS = YES;
				CLANG_WARN_EMPTY_BODY = YES;
				CLANG_WARN_ENUM_CONVERSION = YES;
				CLANG_WARN_INFINITE_RECURSION = YES;
				CLANG_WARN_INT_CONVERSION = YES;
				CLANG_WARN_NON_LITERAL_NULL_CONVERSION = YES;
				CLANG_WARN_OBJC_IMPLICIT_RETAIN_SELF = YES;
				CLANG_WARN_OBJC_LITERAL_CONVERSION = YES;
				CLANG_WARN_OBJC_ROOT_CLASS = YES_ERROR;
				CLANG_WARN_RANGE_LOOP_ANALYSIS = YES;
				CLANG_WARN_STRICT_PROTOTYPES = YES;
				CLANG_WARN_SUSPICIOUS_MOVE = YES;
				CLANG_WARN_UNGUARDED_AVAILABILITY = YES_AGGRESSIVE;
				CLANG_WARN_UNREACHABLE_CODE = YES;
				CLANG_WARN__DUPLICATE_METHOD_MATCH = YES;
				CODE_SIGN_IDENTITY = "iPhone Developer";
				COPY_PHASE_STRIP = NO;
				DEBUG_INFORMATION_FORMAT = dwarf;
				ENABLE_STRICT_OBJC_MSGSEND = YES;
				ENABLE_TESTABILITY = YES;
				GCC_C_LANGUAGE_STANDARD = gnu11;
				GCC_DYNAMIC_NO_PIC = NO;
				GCC_NO_COMMON_BLOCKS = YES;
				GCC_OPTIMIZATION_LEVEL = 0;
				GCC_PREPROCESSOR_DEFINITIONS = (
					"DEBUG=1",
					"$(inherited)",
				);
				GCC_WARN_64_TO_32_BIT_CONVERSION = YES;
				GCC_WARN_ABOUT_RETURN_TYPE = YES_ERROR;
				GCC_WARN_UNDECLARED_SELECTOR = YES;
				GCC_WARN_UNINITIALIZED_AUTOS = YES_AGGRESSIVE;
				GCC_WARN_UNUSED_FUNCTION = YES;
				GCC_WARN_UNUSED_VARIABLE = YES;
				IPHONEOS_DEPLOYMENT_TARGET = 11.4;
				MTL_ENABLE_DEBUG_INFO = YES;
				ONLY_ACTIVE_ARCH = YES;
				SDKROOT = iphoneos;
				SWIFT_ACTIVE_COMPILATION_CONDITIONS = DEBUG;
				SWIFT_OPTIMIZATION_LEVEL = "-Onone";
			};
			name = Debug;
		};
		300681E620A1E4BC005E6F75 /* Release */ = {
			isa = XCBuildConfiguration;
			buildSettings = {
				ALWAYS_SEARCH_USER_PATHS = NO;
				CLANG_ANALYZER_NONNULL = YES;
				CLANG_ANALYZER_NUMBER_OBJECT_CONVERSION = YES_AGGRESSIVE;
				CLANG_CXX_LANGUAGE_STANDARD = "gnu++14";
				CLANG_CXX_LIBRARY = "libc++";
				CLANG_ENABLE_MODULES = YES;
				CLANG_ENABLE_OBJC_ARC = YES;
				CLANG_ENABLE_OBJC_WEAK = YES;
				CLANG_WARN_BLOCK_CAPTURE_AUTORELEASING = YES;
				CLANG_WARN_BOOL_CONVERSION = YES;
				CLANG_WARN_COMMA = YES;
				CLANG_WARN_CONSTANT_CONVERSION = YES;
				CLANG_WARN_DEPRECATED_OBJC_IMPLEMENTATIONS = YES;
				CLANG_WARN_DIRECT_OBJC_ISA_USAGE = YES_ERROR;
				CLANG_WARN_DOCUMENTATION_COMMENTS = YES;
				CLANG_WARN_EMPTY_BODY = YES;
				CLANG_WARN_ENUM_CONVERSION = YES;
				CLANG_WARN_INFINITE_RECURSION = YES;
				CLANG_WARN_INT_CONVERSION = YES;
				CLANG_WARN_NON_LITERAL_NULL_CONVERSION = YES;
				CLANG_WARN_OBJC_IMPLICIT_RETAIN_SELF = YES;
				CLANG_WARN_OBJC_LITERAL_CONVERSION = YES;
				CLANG_WARN_OBJC_ROOT_CLASS = YES_ERROR;
				CLANG_WARN_RANGE_LOOP_ANALYSIS = YES;
				CLANG_WARN_STRICT_PROTOTYPES = YES;
				CLANG_WARN_SUSPICIOUS_MOVE = YES;
				CLANG_WARN_UNGUARDED_AVAILABILITY = YES_AGGRESSIVE;
				CLANG_WARN_UNREACHABLE_CODE = YES;
				CLANG_WARN__DUPLICATE_METHOD_MATCH = YES;
				CODE_SIGN_IDENTITY = "iPhone Developer";
				COPY_PHASE_STRIP = NO;
				DEBUG_INFORMATION_FORMAT = "dwarf-with-dsym";
				ENABLE_NS_ASSERTIONS = NO;
				ENABLE_STRICT_OBJC_MSGSEND = YES;
				GCC_C_LANGUAGE_STANDARD = gnu11;
				GCC_NO_COMMON_BLOCKS = YES;
				GCC_WARN_64_TO_32_BIT_CONVERSION = YES;
				GCC_WARN_ABOUT_RETURN_TYPE = YES_ERROR;
				GCC_WARN_UNDECLARED_SELECTOR = YES;
				GCC_WARN_UNINITIALIZED_AUTOS = YES_AGGRESSIVE;
				GCC_WARN_UNUSED_FUNCTION = YES;
				GCC_WARN_UNUSED_VARIABLE = YES;
				IPHONEOS_DEPLOYMENT_TARGET = 11.4;
				MTL_ENABLE_DEBUG_INFO = NO;
				SDKROOT = iphoneos;
				SWIFT_COMPILATION_MODE = wholemodule;
				SWIFT_OPTIMIZATION_LEVEL = "-O";
				VALIDATE_PRODUCT = YES;
			};
			name = Release;
		};
		300681E820A1E4BC005E6F75 /* Debug */ = {
			isa = XCBuildConfiguration;
			baseConfigurationReference = D01B3A680871586605394DA8 /* Pods-Movie Finder.debug.xcconfig */;
			buildSettings = {
				ASSETCATALOG_COMPILER_APPICON_NAME = AppIcon;
				CODE_SIGN_STYLE = Automatic;
				DEVELOPMENT_TEAM = 5YQ77FX3YF;
				INFOPLIST_FILE = "Movie Finder/Info.plist";
				IPHONEOS_DEPLOYMENT_TARGET = 9.0;
				LD_RUNPATH_SEARCH_PATHS = (
					"$(inherited)",
					"@executable_path/Frameworks",
				);
				PRODUCT_BUNDLE_IDENTIFIER = "com.sheen.Movie-Finder";
				PRODUCT_NAME = "$(TARGET_NAME)";
				SWIFT_VERSION = 4.0;
				TARGETED_DEVICE_FAMILY = "1,2";
			};
			name = Debug;
		};
		300681E920A1E4BC005E6F75 /* Release */ = {
			isa = XCBuildConfiguration;
			baseConfigurationReference = 7EBE81085853B16D670689D0 /* Pods-Movie Finder.release.xcconfig */;
			buildSettings = {
				ASSETCATALOG_COMPILER_APPICON_NAME = AppIcon;
				CODE_SIGN_STYLE = Automatic;
				DEVELOPMENT_TEAM = 5YQ77FX3YF;
				INFOPLIST_FILE = "Movie Finder/Info.plist";
				IPHONEOS_DEPLOYMENT_TARGET = 9.0;
				LD_RUNPATH_SEARCH_PATHS = (
					"$(inherited)",
					"@executable_path/Frameworks",
				);
				PRODUCT_BUNDLE_IDENTIFIER = "com.sheen.Movie-Finder";
				PRODUCT_NAME = "$(TARGET_NAME)";
				SWIFT_VERSION = 4.0;
				TARGETED_DEVICE_FAMILY = "1,2";
			};
			name = Release;
		};
		300681EB20A1E4BC005E6F75 /* Debug */ = {
			isa = XCBuildConfiguration;
			baseConfigurationReference = 9164781BACE77BC562C13552 /* Pods-Movie FinderTests.debug.xcconfig */;
			buildSettings = {
				ALWAYS_EMBED_SWIFT_STANDARD_LIBRARIES = YES;
				BUNDLE_LOADER = "$(TEST_HOST)";
				CODE_SIGN_STYLE = Automatic;
				INFOPLIST_FILE = "Movie FinderTests/Info.plist";
				LD_RUNPATH_SEARCH_PATHS = (
					"$(inherited)",
					"@executable_path/Frameworks",
					"@loader_path/Frameworks",
				);
				PRODUCT_BUNDLE_IDENTIFIER = "com.sheen.Movie-FinderTests";
				PRODUCT_NAME = "$(TARGET_NAME)";
				SWIFT_VERSION = 4.0;
				TARGETED_DEVICE_FAMILY = "1,2";
				TEST_HOST = "$(BUILT_PRODUCTS_DIR)/Movie Finder.app/Movie Finder";
			};
			name = Debug;
		};
		300681EC20A1E4BC005E6F75 /* Release */ = {
			isa = XCBuildConfiguration;
			baseConfigurationReference = 6C9A38AB40E6B830319B3904 /* Pods-Movie FinderTests.release.xcconfig */;
			buildSettings = {
				ALWAYS_EMBED_SWIFT_STANDARD_LIBRARIES = YES;
				BUNDLE_LOADER = "$(TEST_HOST)";
				CODE_SIGN_STYLE = Automatic;
				INFOPLIST_FILE = "Movie FinderTests/Info.plist";
				LD_RUNPATH_SEARCH_PATHS = (
					"$(inherited)",
					"@executable_path/Frameworks",
					"@loader_path/Frameworks",
				);
				PRODUCT_BUNDLE_IDENTIFIER = "com.sheen.Movie-FinderTests";
				PRODUCT_NAME = "$(TARGET_NAME)";
				SWIFT_VERSION = 4.0;
				TARGETED_DEVICE_FAMILY = "1,2";
				TEST_HOST = "$(BUILT_PRODUCTS_DIR)/Movie Finder.app/Movie Finder";
			};
			name = Release;
		};
/* End XCBuildConfiguration section */

/* Begin XCConfigurationList section */
		300681C520A1E4AF005E6F75 /* Build configuration list for PBXProject "Movie Finder" */ = {
			isa = XCConfigurationList;
			buildConfigurations = (
				300681E520A1E4BC005E6F75 /* Debug */,
				300681E620A1E4BC005E6F75 /* Release */,
			);
			defaultConfigurationIsVisible = 0;
			defaultConfigurationName = Release;
		};
		300681E720A1E4BC005E6F75 /* Build configuration list for PBXNativeTarget "Movie Finder" */ = {
			isa = XCConfigurationList;
			buildConfigurations = (
				300681E820A1E4BC005E6F75 /* Debug */,
				300681E920A1E4BC005E6F75 /* Release */,
			);
			defaultConfigurationIsVisible = 0;
			defaultConfigurationName = Release;
		};
		300681EA20A1E4BC005E6F75 /* Build configuration list for PBXNativeTarget "Movie FinderTests" */ = {
			isa = XCConfigurationList;
			buildConfigurations = (
				300681EB20A1E4BC005E6F75 /* Debug */,
				300681EC20A1E4BC005E6F75 /* Release */,
			);
			defaultConfigurationIsVisible = 0;
			defaultConfigurationName = Release;
		};
/* End XCConfigurationList section */

/* Begin XCVersionGroup section */
		306449AD20A7F06D008245C7 /* MovieSearch.xcdatamodeld */ = {
			isa = XCVersionGroup;
			children = (
				306449AE20A7F06D008245C7 /* MovieSearch.xcdatamodel */,
			);
			currentVersion = 306449AE20A7F06D008245C7 /* MovieSearch.xcdatamodel */;
			path = MovieSearch.xcdatamodeld;
			sourceTree = "<group>";
			versionGroupType = wrapper.xcdatamodel;
		};
/* End XCVersionGroup section */
	};
	rootObject = 300681C220A1E4AF005E6F75 /* Project object */;
}
